
Microsoft Visual Studio Solution File, Format Version 12.00
# Visual Studio 15
VisualStudioVersion = 15.0.28307.705
MinimumVisualStudioVersion = 10.0.40219.1
Project("{FAE04EC0-301F-11D3-BF4B-00C04F79EFBC}") = "randomlevels", "randomlevels\randomlevels.csproj", "{920A0DEE-1708-4A61-B788-82EC2232C9C9}"
EndProject
Global
	GlobalSection(SolutionConfigurationPlatforms) = preSolution
		Debug|Any CPU = Debug|Any CPU
		Release|Any CPU = Release|Any CPU
	EndGlobalSection
	GlobalSection(ProjectConfigurationPlatforms) = postSolution
		{920A0DEE-1708-4A61-B788-82EC2232C9C9}.Debug|Any CPU.ActiveCfg = Debug|Any CPU
		{920A0DEE-1708-4A61-B788-82EC2232C9C9}.Debug|Any CPU.Build.0 = Debug|Any CPU
		{920A0DEE-1708-4A61-B788-82EC2232C9C9}.Release|Any CPU.ActiveCfg = Release|Any CPU
		{920A0DEE-1708-4A61-B788-82EC2232C9C9}.Release|Any CPU.Build.0 = Release|Any CPU
	EndGlobalSection
	GlobalSection(SolutionProperties) = preSolution
		HideSolutionNode = FALSE
	EndGlobalSection
	GlobalSection(ExtensibilityGlobals) = postSolution
		SolutionGuid = {02E0238C-9359-4BE6-BCDD-5A760AD2E774}
	EndGlobalSection
EndGlobal
